
Microsoft Visual Studio Solution File, Format Version 12.00
# Visual Studio 14
VisualStudioVersion = 14.0.25420.1
MinimumVisualStudioVersion = 10.0.40219.1
Project("{FAE04EC0-301F-11D3-BF4B-00C04F79EFBC}") = "HockeyLove", "HockeyLove\HockeyLove\HockeyLove.csproj", "{6E205851-E3F9-4C18-B995-6A4D5FF4417B}"
EndProject
Project("{FAE04EC0-301F-11D3-BF4B-00C04F79EFBC}") = "HockeyLove.Droid", "HockeyLove\HockeyLove.Droid\HockeyLove.Droid.csproj", "{2FACFB16-DF19-4897-A543-04168066F6C7}"
EndProject
Project("{FAE04EC0-301F-11D3-BF4B-00C04F79EFBC}") = "HockeyLove.iOS", "HockeyLove\HockeyLove.iOS\HockeyLove.iOS.csproj", "{2F35956A-23E4-485F-A86A-466AB54A6D94}"
EndProject
Project("{FAE04EC0-301F-11D3-BF4B-00C04F79EFBC}") = "HockeyLove.WinPhone", "HockeyLove\HockeyLove.WinPhone\HockeyLove.WinPhone.csproj", "{8EC62F08-1F01-4D59-B292-9DEBFBE4F043}"
EndProject
Project("{FAE04EC0-301F-11D3-BF4B-00C04F79EFBC}") = "HockeyLove.UWP", "HockeyLove\HockeyLove.UWP\HockeyLove.UWP.csproj", "{55D1372F-8205-4A4D-B410-297D4C452979}"
EndProject
Project("{FAE04EC0-301F-11D3-BF4B-00C04F79EFBC}") = "HockeyLove.Windows", "HockeyLove\HockeyLove.Windows\HockeyLove.Windows.csproj", "{280A6032-2410-4CD0-8337-85B4A99A1B7A}"
EndProject
Global
	GlobalSection(SolutionConfigurationPlatforms) = preSolution
		Ad-Hoc|Any CPU = Ad-Hoc|Any CPU
		Ad-Hoc|ARM = Ad-Hoc|ARM
		Ad-Hoc|iPhone = Ad-Hoc|iPhone
		Ad-Hoc|iPhoneSimulator = Ad-Hoc|iPhoneSimulator
		Ad-Hoc|x64 = Ad-Hoc|x64
		Ad-Hoc|x86 = Ad-Hoc|x86
		AppStore|Any CPU = AppStore|Any CPU
		AppStore|ARM = AppStore|ARM
		AppStore|iPhone = AppStore|iPhone
		AppStore|iPhoneSimulator = AppStore|iPhoneSimulator
		AppStore|x64 = AppStore|x64
		AppStore|x86 = AppStore|x86
		Debug|Any CPU = Debug|Any CPU
		Debug|ARM = Debug|ARM
		Debug|iPhone = Debug|iPhone
		Debug|iPhoneSimulator = Debug|iPhoneSimulator
		Debug|x64 = Debug|x64
		Debug|x86 = Debug|x86
		Release|Any CPU = Release|Any CPU
		Release|ARM = Release|ARM
		Release|iPhone = Release|iPhone
		Release|iPhoneSimulator = Release|iPhoneSimulator
		Release|x64 = Release|x64
		Release|x86 = Release|x86
	EndGlobalSection
	GlobalSection(ProjectConfigurationPlatforms) = postSolution
		{6E205851-E3F9-4C18-B995-6A4D5FF4417B}.Ad-Hoc|Any CPU.ActiveCfg = Release|Any CPU
		{6E205851-E3F9-4C18-B995-6A4D5FF4417B}.Ad-Hoc|Any CPU.Build.0 = Release|Any CPU
		{6E205851-E3F9-4C18-B995-6A4D5FF4417B}.Ad-Hoc|ARM.ActiveCfg = Release|Any CPU
		{6E205851-E3F9-4C18-B995-6A4D5FF4417B}.Ad-Hoc|ARM.Build.0 = Release|Any CPU
		{6E205851-E3F9-4C18-B995-6A4D5FF4417B}.Ad-Hoc|iPhone.ActiveCfg = Release|Any CPU
		{6E205851-E3F9-4C18-B995-6A4D5FF4417B}.Ad-Hoc|iPhone.Build.0 = Release|Any CPU
		{6E205851-E3F9-4C18-B995-6A4D5FF4417B}.Ad-Hoc|iPhoneSimulator.ActiveCfg = Release|Any CPU
		{6E205851-E3F9-4C18-B995-6A4D5FF4417B}.Ad-Hoc|iPhoneSimulator.Build.0 = Release|Any CPU
		{6E205851-E3F9-4C18-B995-6A4D5FF4417B}.Ad-Hoc|x64.ActiveCfg = Release|Any CPU
		{6E205851-E3F9-4C18-B995-6A4D5FF4417B}.Ad-Hoc|x64.Build.0 = Release|Any CPU
		{6E205851-E3F9-4C18-B995-6A4D5FF4417B}.Ad-Hoc|x86.ActiveCfg = Release|Any CPU
		{6E205851-E3F9-4C18-B995-6A4D5FF4417B}.Ad-Hoc|x86.Build.0 = Release|Any CPU
		{6E205851-E3F9-4C18-B995-6A4D5FF4417B}.AppStore|Any CPU.ActiveCfg = Release|Any CPU
		{6E205851-E3F9-4C18-B995-6A4D5FF4417B}.AppStore|Any CPU.Build.0 = Release|Any CPU
		{6E205851-E3F9-4C18-B995-6A4D5FF4417B}.AppStore|ARM.ActiveCfg = Release|Any CPU
		{6E205851-E3F9-4C18-B995-6A4D5FF4417B}.AppStore|ARM.Build.0 = Release|Any CPU
		{6E205851-E3F9-4C18-B995-6A4D5FF4417B}.AppStore|iPhone.ActiveCfg = Release|Any CPU
		{6E205851-E3F9-4C18-B995-6A4D5FF4417B}.AppStore|iPhone.Build.0 = Release|Any CPU
		{6E205851-E3F9-4C18-B995-6A4D5FF4417B}.AppStore|iPhoneSimulator.ActiveCfg = Release|Any CPU
		{6E205851-E3F9-4C18-B995-6A4D5FF4417B}.AppStore|iPhoneSimulator.Build.0 = Release|Any CPU
		{6E205851-E3F9-4C18-B995-6A4D5FF4417B}.AppStore|x64.ActiveCfg = Release|Any CPU
		{6E205851-E3F9-4C18-B995-6A4D5FF4417B}.AppStore|x64.Build.0 = Release|Any CPU
		{6E205851-E3F9-4C18-B995-6A4D5FF4417B}.AppStore|x86.ActiveCfg = Release|Any CPU
		{6E205851-E3F9-4C18-B995-6A4D5FF4417B}.AppStore|x86.Build.0 = Release|Any CPU
		{6E205851-E3F9-4C18-B995-6A4D5FF4417B}.Debug|Any CPU.ActiveCfg = Debug|Any CPU
		{6E205851-E3F9-4C18-B995-6A4D5FF4417B}.Debug|Any CPU.Build.0 = Debug|Any CPU
		{6E205851-E3F9-4C18-B995-6A4D5FF4417B}.Debug|ARM.ActiveCfg = Debug|Any CPU
		{6E205851-E3F9-4C18-B995-6A4D5FF4417B}.Debug|ARM.Build.0 = Debug|Any CPU
		{6E205851-E3F9-4C18-B995-6A4D5FF4417B}.Debug|iPhone.ActiveCfg = Debug|Any CPU
		{6E205851-E3F9-4C18-B995-6A4D5FF4417B}.Debug|iPhone.Build.0 = Debug|Any CPU
		{6E205851-E3F9-4C18-B995-6A4D5FF4417B}.Debug|iPhoneSimulator.ActiveCfg = Debug|Any CPU
		{6E205851-E3F9-4C18-B995-6A4D5FF4417B}.Debug|iPhoneSimulator.Build.0 = Debug|Any CPU
		{6E205851-E3F9-4C18-B995-6A4D5FF4417B}.Debug|x64.ActiveCfg = Debug|Any CPU
		{6E205851-E3F9-4C18-B995-6A4D5FF4417B}.Debug|x64.Build.0 = Debug|Any CPU
		{6E205851-E3F9-4C18-B995-6A4D5FF4417B}.Debug|x86.ActiveCfg = Debug|Any CPU
		{6E205851-E3F9-4C18-B995-6A4D5FF4417B}.Debug|x86.Build.0 = Debug|Any CPU
		{6E205851-E3F9-4C18-B995-6A4D5FF4417B}.Release|Any CPU.ActiveCfg = Release|Any CPU
		{6E205851-E3F9-4C18-B995-6A4D5FF4417B}.Release|Any CPU.Build.0 = Release|Any CPU
		{6E205851-E3F9-4C18-B995-6A4D5FF4417B}.Release|ARM.ActiveCfg = Release|Any CPU
		{6E205851-E3F9-4C18-B995-6A4D5FF4417B}.Release|ARM.Build.0 = Release|Any CPU
		{6E205851-E3F9-4C18-B995-6A4D5FF4417B}.Release|iPhone.ActiveCfg = Release|Any CPU
		{6E205851-E3F9-4C18-B995-6A4D5FF4417B}.Release|iPhone.Build.0 = Release|Any CPU
		{6E205851-E3F9-4C18-B995-6A4D5FF4417B}.Release|iPhoneSimulator.ActiveCfg = Release|Any CPU
		{6E205851-E3F9-4C18-B995-6A4D5FF4417B}.Release|iPhoneSimulator.Build.0 = Release|Any CPU
		{6E205851-E3F9-4C18-B995-6A4D5FF4417B}.Release|x64.ActiveCfg = Release|Any CPU
		{6E205851-E3F9-4C18-B995-6A4D5FF4417B}.Release|x64.Build.0 = Release|Any CPU
		{6E205851-E3F9-4C18-B995-6A4D5FF4417B}.Release|x86.ActiveCfg = Release|Any CPU
		{6E205851-E3F9-4C18-B995-6A4D5FF4417B}.Release|x86.Build.0 = Release|Any CPU
		{2FACFB16-DF19-4897-A543-04168066F6C7}.Ad-Hoc|Any CPU.ActiveCfg = Release|Any CPU
		{2FACFB16-DF19-4897-A543-04168066F6C7}.Ad-Hoc|Any CPU.Build.0 = Release|Any CPU
		{2FACFB16-DF19-4897-A543-04168066F6C7}.Ad-Hoc|Any CPU.Deploy.0 = Release|Any CPU
		{2FACFB16-DF19-4897-A543-04168066F6C7}.Ad-Hoc|ARM.ActiveCfg = Release|Any CPU
		{2FACFB16-DF19-4897-A543-04168066F6C7}.Ad-Hoc|ARM.Build.0 = Release|Any CPU
		{2FACFB16-DF19-4897-A543-04168066F6C7}.Ad-Hoc|ARM.Deploy.0 = Release|Any CPU
		{2FACFB16-DF19-4897-A543-04168066F6C7}.Ad-Hoc|iPhone.ActiveCfg = Release|Any CPU
		{2FACFB16-DF19-4897-A543-04168066F6C7}.Ad-Hoc|iPhone.Build.0 = Release|Any CPU
		{2FACFB16-DF19-4897-A543-04168066F6C7}.Ad-Hoc|iPhone.Deploy.0 = Release|Any CPU
		{2FACFB16-DF19-4897-A543-04168066F6C7}.Ad-Hoc|iPhoneSimulator.ActiveCfg = Release|Any CPU
		{2FACFB16-DF19-4897-A543-04168066F6C7}.Ad-Hoc|iPhoneSimulator.Build.0 = Release|Any CPU
		{2FACFB16-DF19-4897-A543-04168066F6C7}.Ad-Hoc|iPhoneSimulator.Deploy.0 = Release|Any CPU
		{2FACFB16-DF19-4897-A543-04168066F6C7}.Ad-Hoc|x64.ActiveCfg = Release|Any CPU
		{2FACFB16-DF19-4897-A543-04168066F6C7}.Ad-Hoc|x64.Build.0 = Release|Any CPU
		{2FACFB16-DF19-4897-A543-04168066F6C7}.Ad-Hoc|x64.Deploy.0 = Release|Any CPU
		{2FACFB16-DF19-4897-A543-04168066F6C7}.Ad-Hoc|x86.ActiveCfg = Release|Any CPU
		{2FACFB16-DF19-4897-A543-04168066F6C7}.Ad-Hoc|x86.Build.0 = Release|Any CPU
		{2FACFB16-DF19-4897-A543-04168066F6C7}.Ad-Hoc|x86.Deploy.0 = Release|Any CPU
		{2FACFB16-DF19-4897-A543-04168066F6C7}.AppStore|Any CPU.ActiveCfg = Release|Any CPU
		{2FACFB16-DF19-4897-A543-04168066F6C7}.AppStore|Any CPU.Build.0 = Release|Any CPU
		{2FACFB16-DF19-4897-A543-04168066F6C7}.AppStore|Any CPU.Deploy.0 = Release|Any CPU
		{2FACFB16-DF19-4897-A543-04168066F6C7}.AppStore|ARM.ActiveCfg = Release|Any CPU
		{2FACFB16-DF19-4897-A543-04168066F6C7}.AppStore|ARM.Build.0 = Release|Any CPU
		{2FACFB16-DF19-4897-A543-04168066F6C7}.AppStore|ARM.Deploy.0 = Release|Any CPU
		{2FACFB16-DF19-4897-A543-04168066F6C7}.AppStore|iPhone.ActiveCfg = Release|Any CPU
		{2FACFB16-DF19-4897-A543-04168066F6C7}.AppStore|iPhone.Build.0 = Release|Any CPU
		{2FACFB16-DF19-4897-A543-04168066F6C7}.AppStore|iPhone.Deploy.0 = Release|Any CPU
		{2FACFB16-DF19-4897-A543-04168066F6C7}.AppStore|iPhoneSimulator.ActiveCfg = Release|Any CPU
		{2FACFB16-DF19-4897-A543-04168066F6C7}.AppStore|iPhoneSimulator.Build.0 = Release|Any CPU
		{2FACFB16-DF19-4897-A543-04168066F6C7}.AppStore|iPhoneSimulator.Deploy.0 = Release|Any CPU
		{2FACFB16-DF19-4897-A543-04168066F6C7}.AppStore|x64.ActiveCfg = Release|Any CPU
		{2FACFB16-DF19-4897-A543-04168066F6C7}.AppStore|x64.Build.0 = Release|Any CPU
		{2FACFB16-DF19-4897-A543-04168066F6C7}.AppStore|x64.Deploy.0 = Release|Any CPU
		{2FACFB16-DF19-4897-A543-04168066F6C7}.AppStore|x86.ActiveCfg = Release|Any CPU
		{2FACFB16-DF19-4897-A543-04168066F6C7}.AppStore|x86.Build.0 = Release|Any CPU
		{2FACFB16-DF19-4897-A543-04168066F6C7}.AppStore|x86.Deploy.0 = Release|Any CPU
		{2FACFB16-DF19-4897-A543-04168066F6C7}.Debug|Any CPU.ActiveCfg = Debug|Any CPU
		{2FACFB16-DF19-4897-A543-04168066F6C7}.Debug|Any CPU.Build.0 = Debug|Any CPU
		{2FACFB16-DF19-4897-A543-04168066F6C7}.Debug|Any CPU.Deploy.0 = Debug|Any CPU
		{2FACFB16-DF19-4897-A543-04168066F6C7}.Debug|ARM.ActiveCfg = Debug|Any CPU
		{2FACFB16-DF19-4897-A543-04168066F6C7}.Debug|ARM.Build.0 = Debug|Any CPU
		{2FACFB16-DF19-4897-A543-04168066F6C7}.Debug|ARM.Deploy.0 = Debug|Any CPU
		{2FACFB16-DF19-4897-A543-04168066F6C7}.Debug|iPhone.ActiveCfg = Debug|Any CPU
		{2FACFB16-DF19-4897-A543-04168066F6C7}.Debug|iPhone.Build.0 = Debug|Any CPU
		{2FACFB16-DF19-4897-A543-04168066F6C7}.Debug|iPhone.Deploy.0 = Debug|Any CPU
		{2FACFB16-DF19-4897-A543-04168066F6C7}.Debug|iPhoneSimulator.ActiveCfg = Debug|Any CPU
		{2FACFB16-DF19-4897-A543-04168066F6C7}.Debug|iPhoneSimulator.Build.0 = Debug|Any CPU
		{2FACFB16-DF19-4897-A543-04168066F6C7}.Debug|iPhoneSimulator.Deploy.0 = Debug|Any CPU
		{2FACFB16-DF19-4897-A543-04168066F6C7}.Debug|x64.ActiveCfg = Debug|Any CPU
		{2FACFB16-DF19-4897-A543-04168066F6C7}.Debug|x64.Build.0 = Debug|Any CPU
		{2FACFB16-DF19-4897-A543-04168066F6C7}.Debug|x64.Deploy.0 = Debug|Any CPU
		{2FACFB16-DF19-4897-A543-04168066F6C7}.Debug|x86.ActiveCfg = Debug|Any CPU
		{2FACFB16-DF19-4897-A543-04168066F6C7}.Debug|x86.Build.0 = Debug|Any CPU
		{2FACFB16-DF19-4897-A543-04168066F6C7}.Debug|x86.Deploy.0 = Debug|Any CPU
		{2FACFB16-DF19-4897-A543-04168066F6C7}.Release|Any CPU.ActiveCfg = Release|Any CPU
		{2FACFB16-DF19-4897-A543-04168066F6C7}.Release|Any CPU.Build.0 = Release|Any CPU
		{2FACFB16-DF19-4897-A543-04168066F6C7}.Release|Any CPU.Deploy.0 = Release|Any CPU
		{2FACFB16-DF19-4897-A543-04168066F6C7}.Release|ARM.ActiveCfg = Release|Any CPU
		{2FACFB16-DF19-4897-A543-04168066F6C7}.Release|ARM.Build.0 = Release|Any CPU
		{2FACFB16-DF19-4897-A543-04168066F6C7}.Release|ARM.Deploy.0 = Release|Any CPU
		{2FACFB16-DF19-4897-A543-04168066F6C7}.Release|iPhone.ActiveCfg = Release|Any CPU
		{2FACFB16-DF19-4897-A543-04168066F6C7}.Release|iPhone.Build.0 = Release|Any CPU
		{2FACFB16-DF19-4897-A543-04168066F6C7}.Release|iPhone.Deploy.0 = Release|Any CPU
		{2FACFB16-DF19-4897-A543-04168066F6C7}.Release|iPhoneSimulator.ActiveCfg = Release|Any CPU
		{2FACFB16-DF19-4897-A543-04168066F6C7}.Release|iPhoneSimulator.Build.0 = Release|Any CPU
		{2FACFB16-DF19-4897-A543-04168066F6C7}.Release|iPhoneSimulator.Deploy.0 = Release|Any CPU
		{2FACFB16-DF19-4897-A543-04168066F6C7}.Release|x64.ActiveCfg = Release|Any CPU
		{2FACFB16-DF19-4897-A543-04168066F6C7}.Release|x64.Build.0 = Release|Any CPU
		{2FACFB16-DF19-4897-A543-04168066F6C7}.Release|x64.Deploy.0 = Release|Any CPU
		{2FACFB16-DF19-4897-A543-04168066F6C7}.Release|x86.ActiveCfg = Release|Any CPU
		{2FACFB16-DF19-4897-A543-04168066F6C7}.Release|x86.Build.0 = Release|Any CPU
		{2FACFB16-DF19-4897-A543-04168066F6C7}.Release|x86.Deploy.0 = Release|Any CPU
		{2F35956A-23E4-485F-A86A-466AB54A6D94}.Ad-Hoc|Any CPU.ActiveCfg = Ad-Hoc|iPhone
		{2F35956A-23E4-485F-A86A-466AB54A6D94}.Ad-Hoc|ARM.ActiveCfg = Ad-Hoc|iPhone
		{2F35956A-23E4-485F-A86A-466AB54A6D94}.Ad-Hoc|iPhone.ActiveCfg = Ad-Hoc|iPhone
		{2F35956A-23E4-485F-A86A-466AB54A6D94}.Ad-Hoc|iPhone.Build.0 = Ad-Hoc|iPhone
		{2F35956A-23E4-485F-A86A-466AB54A6D94}.Ad-Hoc|iPhoneSimulator.ActiveCfg = Ad-Hoc|iPhoneSimulator
		{2F35956A-23E4-485F-A86A-466AB54A6D94}.Ad-Hoc|iPhoneSimulator.Build.0 = Ad-Hoc|iPhoneSimulator
		{2F35956A-23E4-485F-A86A-466AB54A6D94}.Ad-Hoc|x64.ActiveCfg = Ad-Hoc|iPhone
		{2F35956A-23E4-485F-A86A-466AB54A6D94}.Ad-Hoc|x86.ActiveCfg = Ad-Hoc|iPhone
		{2F35956A-23E4-485F-A86A-466AB54A6D94}.AppStore|Any CPU.ActiveCfg = AppStore|iPhone
		{2F35956A-23E4-485F-A86A-466AB54A6D94}.AppStore|ARM.ActiveCfg = AppStore|iPhone
		{2F35956A-23E4-485F-A86A-466AB54A6D94}.AppStore|iPhone.ActiveCfg = AppStore|iPhone
		{2F35956A-23E4-485F-A86A-466AB54A6D94}.AppStore|iPhone.Build.0 = AppStore|iPhone
		{2F35956A-23E4-485F-A86A-466AB54A6D94}.AppStore|iPhoneSimulator.ActiveCfg = AppStore|iPhoneSimulator
		{2F35956A-23E4-485F-A86A-466AB54A6D94}.AppStore|iPhoneSimulator.Build.0 = AppStore|iPhoneSimulator
		{2F35956A-23E4-485F-A86A-466AB54A6D94}.AppStore|x64.ActiveCfg = AppStore|iPhone
		{2F35956A-23E4-485F-A86A-466AB54A6D94}.AppStore|x86.ActiveCfg = AppStore|iPhone
		{2F35956A-23E4-485F-A86A-466AB54A6D94}.Debug|Any CPU.ActiveCfg = Debug|iPhone
		{2F35956A-23E4-485F-A86A-466AB54A6D94}.Debug|ARM.ActiveCfg = Debug|iPhone
		{2F35956A-23E4-485F-A86A-466AB54A6D94}.Debug|iPhone.ActiveCfg = Debug|iPhone
		{2F35956A-23E4-485F-A86A-466AB54A6D94}.Debug|iPhone.Build.0 = Debug|iPhone
		{2F35956A-23E4-485F-A86A-466AB54A6D94}.Debug|iPhoneSimulator.ActiveCfg = Debug|iPhoneSimulator
		{2F35956A-23E4-485F-A86A-466AB54A6D94}.Debug|iPhoneSimulator.Build.0 = Debug|iPhoneSimulator
		{2F35956A-23E4-485F-A86A-466AB54A6D94}.Debug|x64.ActiveCfg = Debug|iPhone
		{2F35956A-23E4-485F-A86A-466AB54A6D94}.Debug|x86.ActiveCfg = Debug|iPhone
		{2F35956A-23E4-485F-A86A-466AB54A6D94}.Release|Any CPU.ActiveCfg = Release|iPhone
		{2F35956A-23E4-485F-A86A-466AB54A6D94}.Release|ARM.ActiveCfg = Release|iPhone
		{2F35956A-23E4-485F-A86A-466AB54A6D94}.Release|iPhone.ActiveCfg = Release|iPhone
		{2F35956A-23E4-485F-A86A-466AB54A6D94}.Release|iPhone.Build.0 = Release|iPhone
		{2F35956A-23E4-485F-A86A-466AB54A6D94}.Release|iPhoneSimulator.ActiveCfg = Release|iPhoneSimulator
		{2F35956A-23E4-485F-A86A-466AB54A6D94}.Release|iPhoneSimulator.Build.0 = Release|iPhoneSimulator
		{2F35956A-23E4-485F-A86A-466AB54A6D94}.Release|x64.ActiveCfg = Release|iPhone
		{2F35956A-23E4-485F-A86A-466AB54A6D94}.Release|x86.ActiveCfg = Release|iPhone
		{8EC62F08-1F01-4D59-B292-9DEBFBE4F043}.Ad-Hoc|Any CPU.ActiveCfg = Release|Any CPU
		{8EC62F08-1F01-4D59-B292-9DEBFBE4F043}.Ad-Hoc|Any CPU.Build.0 = Release|Any CPU
		{8EC62F08-1F01-4D59-B292-9DEBFBE4F043}.Ad-Hoc|Any CPU.Deploy.0 = Release|Any CPU
		{8EC62F08-1F01-4D59-B292-9DEBFBE4F043}.Ad-Hoc|ARM.ActiveCfg = Release|ARM
		{8EC62F08-1F01-4D59-B292-9DEBFBE4F043}.Ad-Hoc|ARM.Build.0 = Release|ARM
		{8EC62F08-1F01-4D59-B292-9DEBFBE4F043}.Ad-Hoc|ARM.Deploy.0 = Release|ARM
		{8EC62F08-1F01-4D59-B292-9DEBFBE4F043}.Ad-Hoc|iPhone.ActiveCfg = Release|Any CPU
		{8EC62F08-1F01-4D59-B292-9DEBFBE4F043}.Ad-Hoc|iPhone.Build.0 = Release|Any CPU
		{8EC62F08-1F01-4D59-B292-9DEBFBE4F043}.Ad-Hoc|iPhone.Deploy.0 = Release|Any CPU
		{8EC62F08-1F01-4D59-B292-9DEBFBE4F043}.Ad-Hoc|iPhoneSimulator.ActiveCfg = Release|Any CPU
		{8EC62F08-1F01-4D59-B292-9DEBFBE4F043}.Ad-Hoc|iPhoneSimulator.Build.0 = Release|Any CPU
		{8EC62F08-1F01-4D59-B292-9DEBFBE4F043}.Ad-Hoc|iPhoneSimulator.Deploy.0 = Release|Any CPU
		{8EC62F08-1F01-4D59-B292-9DEBFBE4F043}.Ad-Hoc|x64.ActiveCfg = Release|Any CPU
		{8EC62F08-1F01-4D59-B292-9DEBFBE4F043}.Ad-Hoc|x64.Build.0 = Release|Any CPU
		{8EC62F08-1F01-4D59-B292-9DEBFBE4F043}.Ad-Hoc|x64.Deploy.0 = Release|Any CPU
		{8EC62F08-1F01-4D59-B292-9DEBFBE4F043}.Ad-Hoc|x86.ActiveCfg = Release|x86
		{8EC62F08-1F01-4D59-B292-9DEBFBE4F043}.Ad-Hoc|x86.Build.0 = Release|x86
		{8EC62F08-1F01-4D59-B292-9DEBFBE4F043}.Ad-Hoc|x86.Deploy.0 = Release|x86
		{8EC62F08-1F01-4D59-B292-9DEBFBE4F043}.AppStore|Any CPU.ActiveCfg = Release|Any CPU
		{8EC62F08-1F01-4D59-B292-9DEBFBE4F043}.AppStore|Any CPU.Build.0 = Release|Any CPU
		{8EC62F08-1F01-4D59-B292-9DEBFBE4F043}.AppStore|Any CPU.Deploy.0 = Release|Any CPU
		{8EC62F08-1F01-4D59-B292-9DEBFBE4F043}.AppStore|ARM.ActiveCfg = Release|ARM
		{8EC62F08-1F01-4D59-B292-9DEBFBE4F043}.AppStore|ARM.Build.0 = Release|ARM
		{8EC62F08-1F01-4D59-B292-9DEBFBE4F043}.AppStore|ARM.Deploy.0 = Release|ARM
		{8EC62F08-1F01-4D59-B292-9DEBFBE4F043}.AppStore|iPhone.ActiveCfg = Release|Any CPU
		{8EC62F08-1F01-4D59-B292-9DEBFBE4F043}.AppStore|iPhone.Build.0 = Release|Any CPU
		{8EC62F08-1F01-4D59-B292-9DEBFBE4F043}.AppStore|iPhone.Deploy.0 = Release|Any CPU
		{8EC62F08-1F01-4D59-B292-9DEBFBE4F043}.AppStore|iPhoneSimulator.ActiveCfg = Release|Any CPU
		{8EC62F08-1F01-4D59-B292-9DEBFBE4F043}.AppStore|iPhoneSimulator.Build.0 = Release|Any CPU
		{8EC62F08-1F01-4D59-B292-9DEBFBE4F043}.AppStore|iPhoneSimulator.Deploy.0 = Release|Any CPU
		{8EC62F08-1F01-4D59-B292-9DEBFBE4F043}.AppStore|x64.ActiveCfg = Release|Any CPU
		{8EC62F08-1F01-4D59-B292-9DEBFBE4F043}.AppStore|x64.Build.0 = Release|Any CPU
		{8EC62F08-1F01-4D59-B292-9DEBFBE4F043}.AppStore|x64.Deploy.0 = Release|Any CPU
		{8EC62F08-1F01-4D59-B292-9DEBFBE4F043}.AppStore|x86.ActiveCfg = Release|x86
		{8EC62F08-1F01-4D59-B292-9DEBFBE4F043}.AppStore|x86.Build.0 = Release|x86
		{8EC62F08-1F01-4D59-B292-9DEBFBE4F043}.AppStore|x86.Deploy.0 = Release|x86
		{8EC62F08-1F01-4D59-B292-9DEBFBE4F043}.Debug|Any CPU.ActiveCfg = Debug|Any CPU
		{8EC62F08-1F01-4D59-B292-9DEBFBE4F043}.Debug|Any CPU.Build.0 = Debug|Any CPU
		{8EC62F08-1F01-4D59-B292-9DEBFBE4F043}.Debug|Any CPU.Deploy.0 = Debug|Any CPU
		{8EC62F08-1F01-4D59-B292-9DEBFBE4F043}.Debug|ARM.ActiveCfg = Debug|ARM
		{8EC62F08-1F01-4D59-B292-9DEBFBE4F043}.Debug|ARM.Build.0 = Debug|ARM
		{8EC62F08-1F01-4D59-B292-9DEBFBE4F043}.Debug|ARM.Deploy.0 = Debug|ARM
		{8EC62F08-1F01-4D59-B292-9DEBFBE4F043}.Debug|iPhone.ActiveCfg = Debug|Any CPU
		{8EC62F08-1F01-4D59-B292-9DEBFBE4F043}.Debug|iPhone.Build.0 = Debug|Any CPU
		{8EC62F08-1F01-4D59-B292-9DEBFBE4F043}.Debug|iPhone.Deploy.0 = Debug|Any CPU
		{8EC62F08-1F01-4D59-B292-9DEBFBE4F043}.Debug|iPhoneSimulator.ActiveCfg = Debug|Any CPU
		{8EC62F08-1F01-4D59-B292-9DEBFBE4F043}.Debug|iPhoneSimulator.Build.0 = Debug|Any CPU
		{8EC62F08-1F01-4D59-B292-9DEBFBE4F043}.Debug|iPhoneSimulator.Deploy.0 = Debug|Any CPU
		{8EC62F08-1F01-4D59-B292-9DEBFBE4F043}.Debug|x64.ActiveCfg = Debug|Any CPU
		{8EC62F08-1F01-4D59-B292-9DEBFBE4F043}.Debug|x64.Build.0 = Debug|Any CPU
		{8EC62F08-1F01-4D59-B292-9DEBFBE4F043}.Debug|x64.Deploy.0 = Debug|Any CPU
		{8EC62F08-1F01-4D59-B292-9DEBFBE4F043}.Debug|x86.ActiveCfg = Debug|x86
		{8EC62F08-1F01-4D59-B292-9DEBFBE4F043}.Debug|x86.Build.0 = Debug|x86
		{8EC62F08-1F01-4D59-B292-9DEBFBE4F043}.Debug|x86.Deploy.0 = Debug|x86
		{8EC62F08-1F01-4D59-B292-9DEBFBE4F043}.Release|Any CPU.ActiveCfg = Release|Any CPU
		{8EC62F08-1F01-4D59-B292-9DEBFBE4F043}.Release|Any CPU.Build.0 = Release|Any CPU
		{8EC62F08-1F01-4D59-B292-9DEBFBE4F043}.Release|Any CPU.Deploy.0 = Release|Any CPU
		{8EC62F08-1F01-4D59-B292-9DEBFBE4F043}.Release|ARM.ActiveCfg = Release|ARM
		{8EC62F08-1F01-4D59-B292-9DEBFBE4F043}.Release|ARM.Build.0 = Release|ARM
		{8EC62F08-1F01-4D59-B292-9DEBFBE4F043}.Release|ARM.Deploy.0 = Release|ARM
		{8EC62F08-1F01-4D59-B292-9DEBFBE4F043}.Release|iPhone.ActiveCfg = Release|Any CPU
		{8EC62F08-1F01-4D59-B292-9DEBFBE4F043}.Release|iPhone.Build.0 = Release|Any CPU
		{8EC62F08-1F01-4D59-B292-9DEBFBE4F043}.Release|iPhone.Deploy.0 = Release|Any CPU
		{8EC62F08-1F01-4D59-B292-9DEBFBE4F043}.Release|iPhoneSimulator.ActiveCfg = Release|Any CPU
		{8EC62F08-1F01-4D59-B292-9DEBFBE4F043}.Release|iPhoneSimulator.Build.0 = Release|Any CPU
		{8EC62F08-1F01-4D59-B292-9DEBFBE4F043}.Release|iPhoneSimulator.Deploy.0 = Release|Any CPU
		{8EC62F08-1F01-4D59-B292-9DEBFBE4F043}.Release|x64.ActiveCfg = Release|Any CPU
		{8EC62F08-1F01-4D59-B292-9DEBFBE4F043}.Release|x64.Build.0 = Release|Any CPU
		{8EC62F08-1F01-4D59-B292-9DEBFBE4F043}.Release|x64.Deploy.0 = Release|Any CPU
		{8EC62F08-1F01-4D59-B292-9DEBFBE4F043}.Release|x86.ActiveCfg = Release|x86
		{8EC62F08-1F01-4D59-B292-9DEBFBE4F043}.Release|x86.Build.0 = Release|x86
		{8EC62F08-1F01-4D59-B292-9DEBFBE4F043}.Release|x86.Deploy.0 = Release|x86
		{55D1372F-8205-4A4D-B410-297D4C452979}.Ad-Hoc|Any CPU.ActiveCfg = Release|x86
		{55D1372F-8205-4A4D-B410-297D4C452979}.Ad-Hoc|Any CPU.Build.0 = Release|x86
		{55D1372F-8205-4A4D-B410-297D4C452979}.Ad-Hoc|Any CPU.Deploy.0 = Release|x86
		{55D1372F-8205-4A4D-B410-297D4C452979}.Ad-Hoc|ARM.ActiveCfg = Release|ARM
		{55D1372F-8205-4A4D-B410-297D4C452979}.Ad-Hoc|ARM.Build.0 = Release|ARM
		{55D1372F-8205-4A4D-B410-297D4C452979}.Ad-Hoc|ARM.Deploy.0 = Release|ARM
		{55D1372F-8205-4A4D-B410-297D4C452979}.Ad-Hoc|iPhone.ActiveCfg = Release|x86
		{55D1372F-8205-4A4D-B410-297D4C452979}.Ad-Hoc|iPhone.Build.0 = Release|x86
		{55D1372F-8205-4A4D-B410-297D4C452979}.Ad-Hoc|iPhone.Deploy.0 = Release|x86
		{55D1372F-8205-4A4D-B410-297D4C452979}.Ad-Hoc|iPhoneSimulator.ActiveCfg = Release|x86
		{55D1372F-8205-4A4D-B410-297D4C452979}.Ad-Hoc|iPhoneSimulator.Build.0 = Release|x86
		{55D1372F-8205-4A4D-B410-297D4C452979}.Ad-Hoc|iPhoneSimulator.Deploy.0 = Release|x86
		{55D1372F-8205-4A4D-B410-297D4C452979}.Ad-Hoc|x64.ActiveCfg = Release|x64
		{55D1372F-8205-4A4D-B410-297D4C452979}.Ad-Hoc|x64.Build.0 = Release|x64
		{55D1372F-8205-4A4D-B410-297D4C452979}.Ad-Hoc|x64.Deploy.0 = Release|x64
		{55D1372F-8205-4A4D-B410-297D4C452979}.Ad-Hoc|x86.ActiveCfg = Release|x86
		{55D1372F-8205-4A4D-B410-297D4C452979}.Ad-Hoc|x86.Build.0 = Release|x86
		{55D1372F-8205-4A4D-B410-297D4C452979}.Ad-Hoc|x86.Deploy.0 = Release|x86
		{55D1372F-8205-4A4D-B410-297D4C452979}.AppStore|Any CPU.ActiveCfg = Release|x86
		{55D1372F-8205-4A4D-B410-297D4C452979}.AppStore|Any CPU.Build.0 = Release|x86
		{55D1372F-8205-4A4D-B410-297D4C452979}.AppStore|Any CPU.Deploy.0 = Release|x86
		{55D1372F-8205-4A4D-B410-297D4C452979}.AppStore|ARM.ActiveCfg = Release|ARM
		{55D1372F-8205-4A4D-B410-297D4C452979}.AppStore|ARM.Build.0 = Release|ARM
		{55D1372F-8205-4A4D-B410-297D4C452979}.AppStore|ARM.Deploy.0 = Release|ARM
		{55D1372F-8205-4A4D-B410-297D4C452979}.AppStore|iPhone.ActiveCfg = Release|x86
		{55D1372F-8205-4A4D-B410-297D4C452979}.AppStore|iPhone.Build.0 = Release|x86
		{55D1372F-8205-4A4D-B410-297D4C452979}.AppStore|iPhone.Deploy.0 = Release|x86
		{55D1372F-8205-4A4D-B410-297D4C452979}.AppStore|iPhoneSimulator.ActiveCfg = Release|x86
		{55D1372F-8205-4A4D-B410-297D4C452979}.AppStore|iPhoneSimulator.Build.0 = Release|x86
		{55D1372F-8205-4A4D-B410-297D4C452979}.AppStore|iPhoneSimulator.Deploy.0 = Release|x86
		{55D1372F-8205-4A4D-B410-297D4C452979}.AppStore|x64.ActiveCfg = Release|x64
		{55D1372F-8205-4A4D-B410-297D4C452979}.AppStore|x64.Build.0 = Release|x64
		{55D1372F-8205-4A4D-B410-297D4C452979}.AppStore|x64.Deploy.0 = Release|x64
		{55D1372F-8205-4A4D-B410-297D4C452979}.AppStore|x86.ActiveCfg = Release|x86
		{55D1372F-8205-4A4D-B410-297D4C452979}.AppStore|x86.Build.0 = Release|x86
		{55D1372F-8205-4A4D-B410-297D4C452979}.AppStore|x86.Deploy.0 = Release|x86
		{55D1372F-8205-4A4D-B410-297D4C452979}.Debug|Any CPU.ActiveCfg = Debug|x86
		{55D1372F-8205-4A4D-B410-297D4C452979}.Debug|ARM.ActiveCfg = Debug|ARM
		{55D1372F-8205-4A4D-B410-297D4C452979}.Debug|ARM.Build.0 = Debug|ARM
		{55D1372F-8205-4A4D-B410-297D4C452979}.Debug|ARM.Deploy.0 = Debug|ARM
		{55D1372F-8205-4A4D-B410-297D4C452979}.Debug|iPhone.ActiveCfg = Debug|x86
		{55D1372F-8205-4A4D-B410-297D4C452979}.Debug|iPhoneSimulator.ActiveCfg = Debug|x86
		{55D1372F-8205-4A4D-B410-297D4C452979}.Debug|x64.ActiveCfg = Debug|x64
		{55D1372F-8205-4A4D-B410-297D4C452979}.Debug|x64.Build.0 = Debug|x64
		{55D1372F-8205-4A4D-B410-297D4C452979}.Debug|x64.Deploy.0 = Debug|x64
		{55D1372F-8205-4A4D-B410-297D4C452979}.Debug|x86.ActiveCfg = Debug|x86
		{55D1372F-8205-4A4D-B410-297D4C452979}.Debug|x86.Build.0 = Debug|x86
		{55D1372F-8205-4A4D-B410-297D4C452979}.Debug|x86.Deploy.0 = Debug|x86
		{55D1372F-8205-4A4D-B410-297D4C452979}.Release|Any CPU.ActiveCfg = Release|x86
		{55D1372F-8205-4A4D-B410-297D4C452979}.Release|ARM.ActiveCfg = Release|ARM
		{55D1372F-8205-4A4D-B410-297D4C452979}.Release|ARM.Build.0 = Release|ARM
		{55D1372F-8205-4A4D-B410-297D4C452979}.Release|ARM.Deploy.0 = Release|ARM
		{55D1372F-8205-4A4D-B410-297D4C452979}.Release|iPhone.ActiveCfg = Release|x86
		{55D1372F-8205-4A4D-B410-297D4C452979}.Release|iPhoneSimulator.ActiveCfg = Release|x86
		{55D1372F-8205-4A4D-B410-297D4C452979}.Release|x64.ActiveCfg = Release|x64
		{55D1372F-8205-4A4D-B410-297D4C452979}.Release|x64.Build.0 = Release|x64
		{55D1372F-8205-4A4D-B410-297D4C452979}.Release|x64.Deploy.0 = Release|x64
		{55D1372F-8205-4A4D-B410-297D4C452979}.Release|x86.ActiveCfg = Release|x86
		{55D1372F-8205-4A4D-B410-297D4C452979}.Release|x86.Build.0 = Release|x86
		{55D1372F-8205-4A4D-B410-297D4C452979}.Release|x86.Deploy.0 = Release|x86
		{280A6032-2410-4CD0-8337-85B4A99A1B7A}.Ad-Hoc|Any CPU.ActiveCfg = Release|Any CPU
		{280A6032-2410-4CD0-8337-85B4A99A1B7A}.Ad-Hoc|Any CPU.Build.0 = Release|Any CPU
		{280A6032-2410-4CD0-8337-85B4A99A1B7A}.Ad-Hoc|Any CPU.Deploy.0 = Release|Any CPU
		{280A6032-2410-4CD0-8337-85B4A99A1B7A}.Ad-Hoc|ARM.ActiveCfg = Release|ARM
		{280A6032-2410-4CD0-8337-85B4A99A1B7A}.Ad-Hoc|ARM.Build.0 = Release|ARM
		{280A6032-2410-4CD0-8337-85B4A99A1B7A}.Ad-Hoc|ARM.Deploy.0 = Release|ARM
		{280A6032-2410-4CD0-8337-85B4A99A1B7A}.Ad-Hoc|iPhone.ActiveCfg = Release|Any CPU
		{280A6032-2410-4CD0-8337-85B4A99A1B7A}.Ad-Hoc|iPhone.Build.0 = Release|Any CPU
		{280A6032-2410-4CD0-8337-85B4A99A1B7A}.Ad-Hoc|iPhone.Deploy.0 = Release|Any CPU
		{280A6032-2410-4CD0-8337-85B4A99A1B7A}.Ad-Hoc|iPhoneSimulator.ActiveCfg = Release|Any CPU
		{280A6032-2410-4CD0-8337-85B4A99A1B7A}.Ad-Hoc|iPhoneSimulator.Build.0 = Release|Any CPU
		{280A6032-2410-4CD0-8337-85B4A99A1B7A}.Ad-Hoc|iPhoneSimulator.Deploy.0 = Release|Any CPU
		{280A6032-2410-4CD0-8337-85B4A99A1B7A}.Ad-Hoc|x64.ActiveCfg = Release|x64
		{280A6032-2410-4CD0-8337-85B4A99A1B7A}.Ad-Hoc|x64.Build.0 = Release|x64
		{280A6032-2410-4CD0-8337-85B4A99A1B7A}.Ad-Hoc|x64.Deploy.0 = Release|x64
		{280A6032-2410-4CD0-8337-85B4A99A1B7A}.Ad-Hoc|x86.ActiveCfg = Release|x86
		{280A6032-2410-4CD0-8337-85B4A99A1B7A}.Ad-Hoc|x86.Build.0 = Release|x86
		{280A6032-2410-4CD0-8337-85B4A99A1B7A}.Ad-Hoc|x86.Deploy.0 = Release|x86
		{280A6032-2410-4CD0-8337-85B4A99A1B7A}.AppStore|Any CPU.ActiveCfg = Release|Any CPU
		{280A6032-2410-4CD0-8337-85B4A99A1B7A}.AppStore|Any CPU.Build.0 = Release|Any CPU
		{280A6032-2410-4CD0-8337-85B4A99A1B7A}.AppStore|Any CPU.Deploy.0 = Release|Any CPU
		{280A6032-2410-4CD0-8337-85B4A99A1B7A}.AppStore|ARM.ActiveCfg = Release|ARM
		{280A6032-2410-4CD0-8337-85B4A99A1B7A}.AppStore|ARM.Build.0 = Release|ARM
		{280A6032-2410-4CD0-8337-85B4A99A1B7A}.AppStore|ARM.Deploy.0 = Release|ARM
		{280A6032-2410-4CD0-8337-85B4A99A1B7A}.AppStore|iPhone.ActiveCfg = Release|Any CPU
		{280A6032-2410-4CD0-8337-85B4A99A1B7A}.AppStore|iPhone.Build.0 = Release|Any CPU
		{280A6032-2410-4CD0-8337-85B4A99A1B7A}.AppStore|iPhone.Deploy.0 = Release|Any CPU
		{280A6032-2410-4CD0-8337-85B4A99A1B7A}.AppStore|iPhoneSimulator.ActiveCfg = Release|Any CPU
		{280A6032-2410-4CD0-8337-85B4A99A1B7A}.AppStore|iPhoneSimulator.Build.0 = Release|Any CPU
		{280A6032-2410-4CD0-8337-85B4A99A1B7A}.AppStore|iPhoneSimulator.Deploy.0 = Release|Any CPU
		{280A6032-2410-4CD0-8337-85B4A99A1B7A}.AppStore|x64.ActiveCfg = Release|x64
		{280A6032-2410-4CD0-8337-85B4A99A1B7A}.AppStore|x64.Build.0 = Release|x64
		{280A6032-2410-4CD0-8337-85B4A99A1B7A}.AppStore|x64.Deploy.0 = Release|x64
		{280A6032-2410-4CD0-8337-85B4A99A1B7A}.AppStore|x86.ActiveCfg = Release|x86
		{280A6032-2410-4CD0-8337-85B4A99A1B7A}.AppStore|x86.Build.0 = Release|x86
		{280A6032-2410-4CD0-8337-85B4A99A1B7A}.AppStore|x86.Deploy.0 = Release|x86
		{280A6032-2410-4CD0-8337-85B4A99A1B7A}.Debug|Any CPU.ActiveCfg = Debug|Any CPU
		{280A6032-2410-4CD0-8337-85B4A99A1B7A}.Debug|Any CPU.Build.0 = Debug|Any CPU
		{280A6032-2410-4CD0-8337-85B4A99A1B7A}.Debug|Any CPU.Deploy.0 = Debug|Any CPU
		{280A6032-2410-4CD0-8337-85B4A99A1B7A}.Debug|ARM.ActiveCfg = Debug|ARM
		{280A6032-2410-4CD0-8337-85B4A99A1B7A}.Debug|ARM.Build.0 = Debug|ARM
		{280A6032-2410-4CD0-8337-85B4A99A1B7A}.Debug|ARM.Deploy.0 = Debug|ARM
		{280A6032-2410-4CD0-8337-85B4A99A1B7A}.Debug|iPhone.ActiveCfg = Debug|Any CPU
		{280A6032-2410-4CD0-8337-85B4A99A1B7A}.Debug|iPhone.Build.0 = Debug|Any CPU
		{280A6032-2410-4CD0-8337-85B4A99A1B7A}.Debug|iPhone.Deploy.0 = Debug|Any CPU
		{280A6032-2410-4CD0-8337-85B4A99A1B7A}.Debug|iPhoneSimulator.ActiveCfg = Debug|Any CPU
		{280A6032-2410-4CD0-8337-85B4A99A1B7A}.Debug|iPhoneSimulator.Build.0 = Debug|Any CPU
		{280A6032-2410-4CD0-8337-85B4A99A1B7A}.Debug|iPhoneSimulator.Deploy.0 = Debug|Any CPU
		{280A6032-2410-4CD0-8337-85B4A99A1B7A}.Debug|x64.ActiveCfg = Debug|x64
		{280A6032-2410-4CD0-8337-85B4A99A1B7A}.Debug|x64.Build.0 = Debug|x64
		{280A6032-2410-4CD0-8337-85B4A99A1B7A}.Debug|x64.Deploy.0 = Debug|x64
		{280A6032-2410-4CD0-8337-85B4A99A1B7A}.Debug|x86.ActiveCfg = Debug|x86
		{280A6032-2410-4CD0-8337-85B4A99A1B7A}.Debug|x86.Build.0 = Debug|x86
		{280A6032-2410-4CD0-8337-85B4A99A1B7A}.Debug|x86.Deploy.0 = Debug|x86
		{280A6032-2410-4CD0-8337-85B4A99A1B7A}.Release|Any CPU.ActiveCfg = Release|Any CPU
		{280A6032-2410-4CD0-8337-85B4A99A1B7A}.Release|Any CPU.Build.0 = Release|Any CPU
		{280A6032-2410-4CD0-8337-85B4A99A1B7A}.Release|Any CPU.Deploy.0 = Release|Any CPU
		{280A6032-2410-4CD0-8337-85B4A99A1B7A}.Release|ARM.ActiveCfg = Release|ARM
		{280A6032-2410-4CD0-8337-85B4A99A1B7A}.Release|ARM.Build.0 = Release|ARM
		{280A6032-2410-4CD0-8337-85B4A99A1B7A}.Release|ARM.Deploy.0 = Release|ARM
		{280A6032-2410-4CD0-8337-85B4A99A1B7A}.Release|iPhone.ActiveCfg = Release|Any CPU
		{280A6032-2410-4CD0-8337-85B4A99A1B7A}.Release|iPhone.Build.0 = Release|Any CPU
		{280A6032-2410-4CD0-8337-85B4A99A1B7A}.Release|iPhone.Deploy.0 = Release|Any CPU
		{280A6032-2410-4CD0-8337-85B4A99A1B7A}.Release|iPhoneSimulator.ActiveCfg = Release|Any CPU
		{280A6032-2410-4CD0-8337-85B4A99A1B7A}.Release|iPhoneSimulator.Build.0 = Release|Any CPU
		{280A6032-2410-4CD0-8337-85B4A99A1B7A}.Release|iPhoneSimulator.Deploy.0 = Release|Any CPU
		{280A6032-2410-4CD0-8337-85B4A99A1B7A}.Release|x64.ActiveCfg = Release|x64
		{280A6032-2410-4CD0-8337-85B4A99A1B7A}.Release|x64.Build.0 = Release|x64
		{280A6032-2410-4CD0-8337-85B4A99A1B7A}.Release|x64.Deploy.0 = Release|x64
		{280A6032-2410-4CD0-8337-85B4A99A1B7A}.Release|x86.ActiveCfg = Release|x86
		{280A6032-2410-4CD0-8337-85B4A99A1B7A}.Release|x86.Build.0 = Release|x86
		{280A6032-2410-4CD0-8337-85B4A99A1B7A}.Release|x86.Deploy.0 = Release|x86
	EndGlobalSection
	GlobalSection(SolutionProperties) = preSolution
		HideSolutionNode = FALSE
	EndGlobalSection
EndGlobal
